# This file is autogenerated, do not edit; changes may be undone by the next 'dep ensure'.


[[projects]]
  branch = "master"
  name = "github.com/armon/go-metrics"
  packages = ["."]
  revision = "7aa49fde808223f8dadfdbfd3a20ff6c19e5f9ec"

[[projects]]
  name = "github.com/aws/aws-sdk-go"
  packages = ["aws","aws/awserr","aws/awsutil","aws/client","aws/client/metadata","aws/corehandlers","aws/credentials","aws/credentials/ec2rolecreds","aws/credentials/endpointcreds","aws/credentials/stscreds","aws/defaults","aws/ec2metadata","aws/endpoints","aws/request","aws/session","aws/signer/v4","internal/shareddefaults","private/protocol","private/protocol/query","private/protocol/query/queryutil","private/protocol/rest","private/protocol/restxml","private/protocol/xml/xmlutil","service/s3","service/sts"]
  revision = "586c9ba6027a527800564282bb843d7e6e7985c9"
  version = "v1.12.72"

[[projects]]
  branch = "master"
  name = "github.com/bgentry/go-netrc"
  packages = ["netrc"]
  revision = "9fd32a8b3d3d3f9d43c341bfe098430e07609480"

[[projects]]
  name = "github.com/burntsushi/toml"
  packages = ["."]
  revision = "b26d9c308763d68093482582cea63d69be07a0f0"
  version = "v0.3.0"

[[projects]]
  name = "github.com/fatih/structs"
  packages = ["."]
  revision = "a720dfa8df582c51dee1b36feabb906bde1588bd"
  version = "v1.0"

[[projects]]
  name = "github.com/fsnotify/fsnotify"
  packages = ["."]
  revision = "c2828203cd70a50dcccfb2761f8b1f8ceef9a8e9"
  version = "v1.4.7"

[[projects]]
  name = "github.com/go-ini/ini"
  packages = ["."]
  revision = "32e4c1e6bc4e7d0d8451aa6b75200d19e37a536a"
  version = "v1.32.0"

[[projects]]
  branch = "master"
  name = "github.com/golang/snappy"
  packages = ["."]
  revision = "553a641470496b2327abcac10b36396bd98e45c9"

[[projects]]
  name = "github.com/gorhill/cronexpr"
  packages = ["."]
  revision = "a557574d6c024ed6e36acc8b610f5f211c91568a"
  version = "1.0.0"

[[projects]]
  branch = "master"
  name = "github.com/hashicorp/consul"
  packages = ["api"]
  revision = "1ad26e80505ab3919ba5d60e473a26cc5a780cb9"

[[projects]]
  name = "github.com/hashicorp/consul-template"
  packages = ["child","config","dependency","manager","signals","template","version","watch"]
  revision = "111a80441153783544817b7c6a9c08633308b9a8"
  version = "v0.19.4"

[[projects]]
  branch = "master"
  name = "github.com/hashicorp/errwrap"
  packages = ["."]
  revision = "7554cd9344cec97297fa6649b055a8c98c2a1e55"

[[projects]]
  branch = "master"
  name = "github.com/hashicorp/go-cleanhttp"
  packages = ["."]
  revision = "d5fe4b57a186c716b0e00b8c301cbd9b4182694d"

[[projects]]
  branch = "master"
  name = "github.com/hashicorp/go-getter"
  packages = [".","helper/url"]
  revision = "285374cdfad63de2c43d7562f49ced6dde5a7ba0"

[[projects]]
  branch = "master"
  name = "github.com/hashicorp/go-immutable-radix"
  packages = ["."]
  revision = "7f3cd4390caab3250a57f30efdb2a65dd7649ecf"

[[projects]]
  branch = "master"
  name = "github.com/hashicorp/go-memdb"
  packages = ["."]
  revision = "75ff99613d288868d8888ec87594525906815dbc"

[[projects]]
  branch = "master"
  name = "github.com/hashicorp/go-msgpack"
  packages = ["codec"]
  revision = "fa3f63826f7c23912c15263591e65d54d080b458"

[[projects]]
  branch = "master"
  name = "github.com/hashicorp/go-multierror"
  packages = ["."]
  revision = "b7773ae218740a7be65057fc60b366a49b538a44"

[[projects]]
  branch = "master"
  name = "github.com/hashicorp/go-rootcerts"
  packages = ["."]
  revision = "6bb64b370b90e7ef1fa532be9e591a81c3493e00"

[[projects]]
  branch = "master"
  name = "github.com/hashicorp/go-version"
  packages = ["."]
  revision = "4fe82ae3040f80a03d04d2cccb5606a626b8e1ee"

[[projects]]
  branch = "master"
  name = "github.com/hashicorp/golang-lru"
  packages = [".","simplelru"]
  revision = "0fb14efe8c47ae851c0034ed7a448854d3d34cf3"

[[projects]]
  branch = "master"
  name = "github.com/hashicorp/hcl"
  packages = [".","hcl/ast","hcl/parser","hcl/printer","hcl/scanner","hcl/strconv","hcl/token","json/parser","json/scanner","json/token"]
  revision = "23c074d0eceb2b8a5bfdbb271ab780cde70f05a8"

[[projects]]
  branch = "master"
  name = "github.com/hashicorp/logutils"
  packages = ["."]
  revision = "0dc08b1671f34c4250ce212759ebd880f743d883"

[[projects]]
  name = "github.com/hashicorp/nomad"
  packages = ["acl","api","api/contexts","helper","helper/args","helper/flatmap","helper/uuid","jobspec","nomad/state","nomad/structs","scheduler"]
  revision = "2f245ac7fc9b916eb4af8a62a471dcd0b468a8c8"
  version = "v0.7.1"

[[projects]]
  name = "github.com/hashicorp/raft"
  packages = ["."]
  revision = "6d14f0c70869faabd9e60ba7ed88a6cbbd6a661f"
  version = "v1.0.0"

[[projects]]
  name = "github.com/hashicorp/serf"
  packages = ["coordinate"]
  revision = "d6574a5bb1226678d7010325fb6c985db20ee458"
  version = "v0.8.1"

[[projects]]
  name = "github.com/hashicorp/vault"
  packages = ["api","helper/compressutil","helper/jsonutil","helper/parseutil"]
  revision = "6b29fb2b7f70ed538ee2b3c057335d706b6d4e36"
  version = "v0.8.3"

[[projects]]
  name = "github.com/inconshreveable/mousetrap"
  packages = ["."]
  revision = "76626ae9c91c4f2a10f34cad8ce83ea42c93bb75"
  version = "v1.0"

[[projects]]
  name = "github.com/jmespath/go-jmespath"
  packages = ["."]
  revision = "0b12d6b5"

[[projects]]
  name = "github.com/magiconair/properties"
  packages = ["."]
  revision = "d419a98cdbed11a922bf76f257b7c4be79b50e73"
  version = "v1.7.4"

[[projects]]
  name = "github.com/mattn/go-shellwords"
  packages = ["."]
  revision = "02e3cf038dcea8290e44424da473dd12be796a8a"
  version = "v1.0.3"

[[projects]]
  branch = "master"
  name = "github.com/mitchellh/colorstring"
  packages = ["."]
  revision = "8631ce90f28644f54aeedcb3e389a85174e067d1"

[[projects]]
  branch = "master"
  name = "github.com/mitchellh/copystructure"
  packages = ["."]
  revision = "d23ffcb85de31694d6ccaa23ccb4a03e55c1303f"

[[projects]]
  branch = "master"
  name = "github.com/mitchellh/go-homedir"
  packages = ["."]
  revision = "b8bc1bf767474819792c23f32d8286a45736f1c6"

[[projects]]
  branch = "master"
  name = "github.com/mitchellh/go-testing-interface"
  packages = ["."]
  revision = "a61a99592b77c9ba629d254a693acffaeb4b7e28"

[[projects]]
  branch = "master"
  name = "github.com/mitchellh/hashstructure"
  packages = ["."]
  revision = "2bca23e0e452137f789efbc8610126fd8b94f73b"

[[projects]]
  branch = "master"
  name = "github.com/mitchellh/mapstructure"
  packages = ["."]
  revision = "a4e142e9c047c904fa2f1e144d9a84e6133024bc"

[[projects]]
  branch = "master"
  name = "github.com/mitchellh/reflectwalk"
  packages = ["."]
  revision = "63d60e9d0dbc60cf9164e6510889b0db6683d98c"

[[projects]]
  name = "github.com/pelletier/go-toml"
  packages = ["."]
  revision = "acdc4509485b587f5e675510c4f2c63e90ff68a8"
  version = "v1.1.0"

[[projects]]
  name = "github.com/pkg/errors"
  packages = ["."]
  revision = "645ef00459ed84a119197bfb8d8205042c6df63d"
  version = "v0.8.0"

[[projects]]
  branch = "master"
  name = "github.com/sethgrid/pester"
  packages = ["."]
  revision = "1808e6f72af9682aaae9189a91c6bb9b416297ca"

[[projects]]
  name = "github.com/sirupsen/logrus"
  packages = ["."]
  revision = "d682213848ed68c0a260ca37d6dd5ace8423f5ba"
  version = "v1.0.4"

[[projects]]
  name = "github.com/spf13/afero"
  packages = [".","mem"]
  revision = "bb8f1927f2a9d3ab41c9340aa034f6b803f4359c"
  version = "v1.0.2"

[[projects]]
  name = "github.com/spf13/cast"
  packages = ["."]
  revision = "acbeb36b902d72a7a4c18e8f3241075e7ab763e4"
  version = "v1.1.0"

[[projects]]
  branch = "master"
  name = "github.com/spf13/cobra"
  packages = ["."]
  revision = "93959269ad99e80983c9ba742a7e01203a4c0e4f"

[[projects]]
  branch = "master"
  name = "github.com/spf13/jwalterweatherman"
  packages = ["."]
  revision = "7c0cea34c8ece3fbeb2b27ab9b59511d360fb394"

[[projects]]
  name = "github.com/spf13/pflag"
  packages = ["."]
  revision = "e57e3eeb33f795204c1ca35f56c44f83227c6e66"
  version = "v1.0.0"

[[projects]]
  branch = "master"
  name = "github.com/spf13/viper"
  packages = ["."]
  revision = "aafc9e6bc7b7bb53ddaa75a5ef49a17d6e654be5"

[[projects]]
  name = "github.com/ugorji/go"
  packages = ["codec"]
  revision = "5efa3251c7f7d05e5d9704a69a984ec9f1386a40"

[[projects]]
  name = "github.com/ulikunitz/xz"
  packages = [".","internal/hash","internal/xlog","lzma"]
  revision = "0c6b41e72360850ca4f98dc341fd999726ea007f"
  version = "v0.5.4"

[[projects]]
  branch = "master"
  name = "golang.org/x/crypto"
  packages = ["blake2b","ssh/terminal"]
  revision = "d9133f5469342136e669e85192a26056b587f503"

[[projects]]
  branch = "master"
  name = "golang.org/x/net"
  packages = ["http2","http2/hpack","idna","lex/httplex"]
  revision = "2fb46b16b8dda405028c50f7c7f0f9dd1fa6bfb1"

[[projects]]
  branch = "master"
  name = "golang.org/x/sys"
  packages = ["unix","windows"]
  revision = "37707fdb30a5b38865cfb95e5aab41707daec7fd"

[[projects]]
  branch = "master"
  name = "golang.org/x/text"
  packages = ["collate","collate/build","internal/colltab","internal/gen","internal/tag","internal/triegen","internal/ucd","language","secure/bidirule","transform","unicode/bidi","unicode/cldr","unicode/norm","unicode/rangetable"]
  revision = "e19ae1496984b1c655b8044a65c0300a3c878dd3"

[[projects]]
  branch = "v2"
  name = "gopkg.in/yaml.v2"
  packages = ["."]
  revision = "d670f9405373e636a5a2765eea47fac0c9bc91a4"

[solve-meta]
  analyzer-name = "dep"
  analyzer-version = 1
  inputs-digest = "590ce536d6f5132e9091d0975729b89ae594033b1968b2bbb9b02bc80b343ec6"
  solver-name = "gps-cdcl"
  solver-version = 1
